
Microsoft Visual Studio Solution File, Format Version 12.00
# Visual Studio Version 17
VisualStudioVersion = 17.0.32112.339
MinimumVisualStudioVersion = 10.0.40219.1
Project("{9A19103F-16F7-4668-BE54-9A1E7A4F7556}") = "ClashSinicizationTool", "ClashSinicizationTool\ClashSinicizationTool.csproj", "{7473371D-61AD-4080-B988-98A0F420D1AB}"
EndProject
Global
	GlobalSection(SolutionConfigurationPlatforms) = preSolution
		Debug|Any CPU = Debug|Any CPU
		Release|Any CPU = Release|Any CPU
	EndGlobalSection
	GlobalSection(ProjectConfigurationPlatforms) = postSolution
		{7473371D-61AD-4080-B988-98A0F420D1AB}.Debug|Any CPU.ActiveCfg = Debug|Any CPU
		{7473371D-61AD-4080-B988-98A0F420D1AB}.Debug|Any CPU.Build.0 = Debug|Any CPU
		{7473371D-61AD-4080-B988-98A0F420D1AB}.Release|Any CPU.ActiveCfg = Release|Any CPU
		{7473371D-61AD-4080-B988-98A0F420D1AB}.Release|Any CPU.Build.0 = Release|Any CPU
	EndGlobalSection
	GlobalSection(SolutionProperties) = preSolution
		HideSolutionNode = FALSE
	EndGlobalSection
	GlobalSection(ExtensibilityGlobals) = postSolution
		SolutionGuid = {2916404A-8CC3-4E88-A3AB-685FA283C1C7}
	EndGlobalSection
EndGlobal
